Microsoft Visual Studio Solution File, Format Version 12.00
# Visual Studio Version 17
VisualStudioVersion = 17.4.33213.308
MinimumVisualStudioVersion = 10.0.40219.1
Project("{8BC9CEB8-8B4A-11D0-8D11-00A0C91BC942}") = "anim", "anim\anim.vcxproj", "{CACA0B57-282C-4FCD-B32F-B1352337AEC4}"
EndProject
Project("{8BC9CEB8-8B4A-11D0-8D11-00A0C91BC942}") = "util", "util\util.vcxproj", "{73426404-6827-4553-890E-A85961EA7BF7}"
EndProject
Project("{8BC9CEB8-8B4A-11D0-8D11-00A0C91BC942}") = "GLModel", "GLModel\GLModel.vcxproj", "{AADDED95-236D-4ABC-AC11-BE0F01FD1593}"
EndProject
Project("{2150E333-8FDC-42A3-9474-1A3956D46DE8}") = "shared", "shared", "{D64DD661-F78B-4BB1-BACB-277EA6318132}"
	ProjectSection(SolutionItems) = preProject
		shared\defs.h = shared\defs.h
		shared\opengl.h = shared\opengl.h
	EndProjectSection
EndProject
Global
	GlobalSection(SolutionConfigurationPlatforms) = preSolution
		Debug|Win32 = Debug|Win32
		Debug|x64 = Debug|x64
		Release|Win32 = Release|Win32
		Release|x64 = Release|x64
	EndGlobalSection
	GlobalSection(ProjectConfigurationPlatforms) = postSolution
		{CACA0B57-282C-4FCD-B32F-B1352337AEC4}.Debug|Win32.ActiveCfg = Debug|Win32
		{CACA0B57-282C-4FCD-B32F-B1352337AEC4}.Debug|Win32.Build.0 = Debug|Win32
		{CACA0B57-282C-4FCD-B32F-B1352337AEC4}.Debug|x64.ActiveCfg = Debug|Win32
		{CACA0B57-282C-4FCD-B32F-B1352337AEC4}.Debug|x64.Build.0 = Debug|Win32
		{CACA0B57-282C-4FCD-B32F-B1352337AEC4}.Release|Win32.ActiveCfg = Release|Win32
		{CACA0B57-282C-4FCD-B32F-B1352337AEC4}.Release|Win32.Build.0 = Release|Win32
		{CACA0B57-282C-4FCD-B32F-B1352337AEC4}.Release|x64.ActiveCfg = Release|Win32
		{CACA0B57-282C-4FCD-B32F-B1352337AEC4}.Release|x64.Build.0 = Release|Win32
		{73426404-6827-4553-890E-A85961EA7BF7}.Debug|Win32.ActiveCfg = Debug|Win32
		{73426404-6827-4553-890E-A85961EA7BF7}.Debug|Win32.Build.0 = Debug|Win32
		{73426404-6827-4553-890E-A85961EA7BF7}.Debug|x64.ActiveCfg = Debug|Win32
		{73426404-6827-4553-890E-A85961EA7BF7}.Debug|x64.Build.0 = Debug|Win32
		{73426404-6827-4553-890E-A85961EA7BF7}.Release|Win32.ActiveCfg = Release|Win32
		{73426404-6827-4553-890E-A85961EA7BF7}.Release|Win32.Build.0 = Release|Win32
		{73426404-6827-4553-890E-A85961EA7BF7}.Release|x64.ActiveCfg = Release|Win32
		{73426404-6827-4553-890E-A85961EA7BF7}.Release|x64.Build.0 = Release|Win32
		{AADDED95-236D-4ABC-AC11-BE0F01FD1593}.Debug|Win32.ActiveCfg = Debug|Win32
		{AADDED95-236D-4ABC-AC11-BE0F01FD1593}.Debug|Win32.Build.0 = Debug|Win32
		{AADDED95-236D-4ABC-AC11-BE0F01FD1593}.Debug|x64.ActiveCfg = Debug|Win32
		{AADDED95-236D-4ABC-AC11-BE0F01FD1593}.Debug|x64.Build.0 = Debug|Win32
		{AADDED95-236D-4ABC-AC11-BE0F01FD1593}.Release|Win32.ActiveCfg = Release|Win32
		{AADDED95-236D-4ABC-AC11-BE0F01FD1593}.Release|Win32.Build.0 = Release|Win32
		{AADDED95-236D-4ABC-AC11-BE0F01FD1593}.Release|x64.ActiveCfg = Release|Win32
		{AADDED95-236D-4ABC-AC11-BE0F01FD1593}.Release|x64.Build.0 = Release|Win32
	EndGlobalSection
	GlobalSection(SolutionProperties) = preSolution
		HideSolutionNode = FALSE
	EndGlobalSection
	GlobalSection(ExtensibilityGlobals) = postSolution
		SolutionGuid = {8121B905-8F66-476A-91E4-FBDDAB4934EC}
	EndGlobalSection
EndGlobal
